fortio.org/assert v1.2.0 h1:XscfvR8yp4xW7OMCvNbCsieRFDxlwdEcb69+JZRp6LA=
fortio.org/cli v1.4.2 h1:pCYVPk5FpQuJtD31f9CG8sdgoTOWdv9Gls8As/MLJhU=
fortio.org/cli v1.4.2/go.mod h1:VGqFDEKpA6u3NbTM3aSz2lZfAYKnGaszl1pLxbBhxsY=
fortio.org/dflag v1.7.0 h1:4Vpo5hMly0rx9VMuyBaDGFK1Mx2S3qjxx1iAIA3KBgU=
fortio.org/dflag v1.7.0/go.mod h1:FUxv/s3DXhCpy7GsuZa4FJWLR92gsYvG3ylkia8MbBM=
fortio.org/fortio v1.61.0 h1:XISKJ36/eAYNQlVdNwnrZrQManOCIvGMqeJTW4RGi/o=
fortio.org/fortio v1.61.0/go.mod h1:s/qRsTjAC0iTknjMby54fbdkuriPx3A8OEJynC6b4VI=
fortio.org/log v1.11.0 h1:w7ueGPGbXz0A3+ApMz/5Q9gwEMrwSo/ohTlLo2Um6dU=
fortio.org/log v1.11.0/go.mod h1:u/8/2lyczXq52aT5Nw6reD+3cR6m/EbS2jBiIYhgiTU=
fortio.org/scli v1.12.1 h1:F+E6dPOCskBXpYNDJIU12tzY4Y8r1qTHa5Ge/CTLZtA=
fortio.org/scli v1.12.1/go.mod h1:CkLJR1sT9rZGsvVC9eouE1K0Ee4+p0lChiwO6Vw04lo=
fortio.org/sets v1.0.3 h1:HzewdGjH69YmyW06yzplL35lGr+X4OcqQt0qS6jbaO4=
fortio.org/sets v1.0.3/go.mod h1:QZVj0r6KP/ZD9ebySW9SgxVNy/NjghUfyHW9NN+WU+4=
fortio.org/version v1.0.3 h1:5gJ3plj6isAOMq52cI5ifo4cC+QHmJF76Wevc5Cp4x0=
fortio.org/version v1.0.3/go.mod h1:2JQp9Ax+tm6QKiGuzR5nJY63kFeANcgrZ0osoQFDVm0=
github.com/fsnotify/fsnotify v1.7.0 h1:8JEhPFa5W2WU7YfeZzPNqzMP6Lwt7L2715Ggo0nosvA=
github.com/fsnotify/fsnotify v1.7.0/go.mod h1:40Bi/Hjc2AVfZrqy+aj+yEI+/bRxZnMJyTJwOpGvigM=
github.com/google/uuid v1.4.0 h1:MtMxsa51/r9yyhkyLsVeVt0B+BGQZzpQiTQ4eHZ8bc4=
github.com/google/uuid v1.4.0/go.mod h1:TIyPZe4MgqvfeYDBFedMoGGpEw/LqOeaOT+nhxU+yHo=
golang.org/x/crypto v0.15.0 h1:frVn1TEaCEaZcn3Tmd7Y2b5KKPaZ+I32Q2OA3kYp5TA=
golang.org/x/crypto v0.15.0/go.mod h1:4ChreQoLWfG3xLDer1WdlH5NdlQ3+mwnQq1YTKY+72g=
golang.org/x/exp v0.0.0-20231110203233-9a3e6036ecaa h1:FRnLl4eNAQl8hwxVVC17teOw8kdjVDVAiFMtgUdTSRQ=
golang.org/x/exp v0.0.0-20231110203233-9a3e6036ecaa/go.mod h1:zk2irFbV9DP96SEBUUAy67IdHUaZuSnrz1n472HUCLE=
golang.org/x/net v0.18.0 h1:mIYleuAkSbHh0tCv7RvjL3F6ZVbLjq4+R7zbOn3Kokg=
golang.org/x/net v0.18.0/go.mod h1:/czyP5RqHAH4odGYxBJ1qz0+CE5WZ+2j1YgoEo8F2jQ=
golang.org/x/sys v0.14.0 h1:Vz7Qs629MkJkGyHxUlRHizWJRG2j8fbQKjELVSNhy7Q=
golang.org/x/sys v0.14.0/go.mod h1:/VUhepiaJMQUp4+oa/7Zr1D23ma6VTLIYjOOTFZPUcA=
golang.org/x/text v0.14.0 h1:ScX5w1eTa3QqT8oi6+ziP7dTV1S2+ALU0bI+0zXKWiQ=
golang.org/x/text v0.14.0/go.mod h1:18ZOQIKpY8NJVqYksKHtTdi31H5itFRjB5/qKTNYzSU=
