fortio.org/assert v1.2.0 h1:XscfvR8yp4xW7OMCvNbCsieRFDxlwdEcb69+JZRp6LA=
fortio.org/cli v1.1.0 h1:ATIxi7DgA7WAexUCF8p5a0qlGYk48ZgkwSEDrvwXeN4=
fortio.org/cli v1.1.0/go.mod h1:O3nVImKwJSvHKbMYWkqMbEagAXCS1xvSv1YbHwkKJjY=
fortio.org/dflag v1.5.2 h1:F9XVRj4Qr2IbJP7BMj7XZc9wB0Q/RZ61Ool+4YPVad8=
fortio.org/dflag v1.5.2/go.mod h1:ppb/A8u+KKg+qUUYZNYuvRnXuVb8IsdHb/XGzsmjkN8=
fortio.org/fortio v1.54.2 h1:so0yEUbi5wYPCh985i+Jjp5tEVJopownfx58QjksTLs=
fortio.org/fortio v1.54.2/go.mod h1:Eg8ypXab0VwDDyw8snho0+BrESXMgSLS/AsP7B/kPI8=
fortio.org/log v1.3.0 h1:bESPvuQGKejw7rrx41Sg3GoF+tsrB7oC08PxBs5/AM0=
fortio.org/log v1.3.0/go.mod h1:u/8/2lyczXq52aT5Nw6reD+3cR6m/EbS2jBiIYhgiTU=
fortio.org/scli v1.4.0 h1:hWULZt2eCuN9NMGX9pFMubMY/lNAxFWnNfwxPn2pztE=
fortio.org/scli v1.4.0/go.mod h1:wj7RDObUezKJkPCLHuNb6ktrnRhUYOLCkMhnFhhsfxA=
fortio.org/sets v1.0.3 h1:HzewdGjH69YmyW06yzplL35lGr+X4OcqQt0qS6jbaO4=
fortio.org/sets v1.0.3/go.mod h1:QZVj0r6KP/ZD9ebySW9SgxVNy/NjghUfyHW9NN+WU+4=
fortio.org/version v1.0.2 h1:8NwxdX58aoeKx7T5xAPO0xlUu1Hpk42nRz5s6e6eKZ0=
fortio.org/version v1.0.2/go.mod h1:2JQp9Ax+tm6QKiGuzR5nJY63kFeANcgrZ0osoQFDVm0=
github.com/fsnotify/fsnotify v1.6.0 h1:n+5WquG0fcWoWp6xPWfHdbskMCQaFnG6PfBrh1Ky4HY=
github.com/fsnotify/fsnotify v1.6.0/go.mod h1:sl3t1tCWJFWoRz9R8WJCbQihKKwmorjAbSClcnxKAGw=
github.com/google/uuid v1.3.0 h1:t6JiXgmwXMjEs8VusXIJk2BXHsn+wx8BZdTaoZ5fu7I=
github.com/google/uuid v1.3.0/go.mod h1:TIyPZe4MgqvfeYDBFedMoGGpEw/LqOeaOT+nhxU+yHo=
golang.org/x/crypto v0.8.0 h1:pd9TJtTueMTVQXzk8E2XESSMQDj/U7OUu0PqJqPXQjQ=
golang.org/x/crypto v0.8.0/go.mod h1:mRqEX+O9/h5TFCrQhkgjo2yKi0yYA+9ecGkdQoHrywE=
golang.org/x/exp v0.0.0-20230425010034-47ecfdc1ba53 h1:5llv2sWeaMSnA3w2kS57ouQQ4pudlXrR0dCgw51QK9o=
golang.org/x/exp v0.0.0-20230425010034-47ecfdc1ba53/go.mod h1:V1LtkGg67GoY2N1AnLN78QLrzxkLyJw7RJb1gzOOz9w=
golang.org/x/net v0.9.0 h1:aWJ/m6xSmxWBx+V0XRHTlrYrPG56jKsLdTFmsSsCzOM=
golang.org/x/net v0.9.0/go.mod h1:d48xBJpPfHeWQsugry2m+kC02ZBRGRgulfHnEXEuWns=
golang.org/x/sys v0.0.0-20220908164124-27713097b956/go.mod h1:oPkhp1MJrh7nUepCBck5+mAzfO9JrbApNNgaTdGDITg=
golang.org/x/sys v0.7.0 h1:3jlCCIQZPdOYu1h8BkNvLz8Kgwtae2cagcG/VamtZRU=
golang.org/x/sys v0.7.0/go.mod h1:oPkhp1MJrh7nUepCBck5+mAzfO9JrbApNNgaTdGDITg=
golang.org/x/text v0.9.0 h1:2sjJmO8cDvYveuX97RDLsxlyUxLl+GHoLxBiRdHllBE=
golang.org/x/text v0.9.0/go.mod h1:e1OnstbJyHTd6l/uOt8jFFHp6TRDWZR/bV3emEE/zU8=
